// !$*UTF8*$!
{
	archiveVersion = 1;
	classes = {
	};
	objectVersion = 46;
	objects = {

/* Begin PBXBuildFile section */
		6EEA62791E8A5854009F9594 /* AppDelegate.swift in Sources */ = {isa = PBXBuildFile; fileRef = 6EEA62781E8A5854009F9594 /* AppDelegate.swift */; };
		6EEA627B1E8A5854009F9594 /* ViewController.swift in Sources */ = {isa = PBXBuildFile; fileRef = 6EEA627A1E8A5854009F9594 /* ViewController.swift */; };
		6EEA627E1E8A5854009F9594 /* Main.storyboard in Resources */ = {isa = PBXBuildFile; fileRef = 6EEA627C1E8A5854009F9594 /* Main.storyboard */; };
		6EEA62801E8A5855009F9594 /* Assets.xcassets in Resources */ = {isa = PBXBuildFile; fileRef = 6EEA627F1E8A5855009F9594 /* Assets.xcassets */; };
		6EEA62831E8A5855009F9594 /* LaunchScreen.storyboard in Resources */ = {isa = PBXBuildFile; fileRef = 6EEA62811E8A5855009F9594 /* LaunchScreen.storyboard */; };
/* End PBXBuildFile section */

/* Begin PBXFileReference section */
		6EEA62751E8A5854009F9594 /* FYF.app */ = {isa = PBXFileReference; explicitFileType = wrapper.application; includeInIndex = 0; path = FYF.app; sourceTree = BUILT_PRODUCTS_DIR; };
		6EEA62781E8A5854009F9594 /* AppDelegate.swift */ = {isa = PBXFileReference; lastKnownFileType = sourcecode.swift; path = AppDelegate.swift; sourceTree = "<group>"; };
		6EEA627A1E8A5854009F9594 /* ViewController.swift */ = {isa = PBXFileReference; lastKnownFileType = sourcecode.swift; path = ViewController.swift; sourceTree = "<group>"; };
		6EEA627D1E8A5854009F9594 /* Base */ = {isa = PBXFileReference; lastKnownFileType = file.storyboard; name = Base; path = Base.lproj/Main.storyboard; sourceTree = "<group>"; };
		6EEA627F1E8A5855009F9594 /* Assets.xcassets */ = {isa = PBXFileReference; lastKnownFileType = folder.assetcatalog; path = Assets.xcassets; sourceTree = "<group>"; };
		6EEA62821E8A5855009F9594 /* Base */ = {isa = PBXFileReference; lastKnownFileType = file.storyboard; name = Base; path = Base.lproj/LaunchScreen.storyboard; sourceTree = "<group>"; };
		6EEA62841E8A5855009F9594 /* Info.plist */ = {isa = PBXFileReference; lastKnownFileType = text.plist.xml; path = Info.plist; sourceTree = "<group>"; };
/* End PBXFileReference section */

/* Begin PBXFrameworksBuildPhase section */
		6EEA62721E8A5852009F9594 /* Frameworks */ = {
			isa = PBXFrameworksBuildPhase;
			buildActionMask = 2147483647;
			files = (
			);
			runOnlyForDeploymentPostprocessing = 0;
		};
/* End PBXFrameworksBuildPhase section */

/* Begin PBXGroup section */
		6EEA626C1E8A5852009F9594 = {
			isa = PBXGroup;
			children = (
				6EEA62771E8A5854009F9594 /* FYF */,
				6EEA62761E8A5854009F9594 /* Products */,
			);
			sourceTree = "<group>";
		};
		6EEA62761E8A5854009F9594 /* Products */ = {
			isa = PBXGroup;
			children = (
				6EEA62751E8A5854009F9594 /* FYF.app */,
			);
			name = Products;
			sourceTree = "<group>";
		};
		6EEA62771E8A5854009F9594 /* FYF */ = {
			isa = PBXGroup;
			children = (
				6EEA62781E8A5854009F9594 /* AppDelegate.swift */,
				6EEA627A1E8A5854009F9594 /* ViewController.swift */,
				6EEA627C1E8A5854009F9594 /* Main.storyboard */,
				6EEA627F1E8A5855009F9594 /* Assets.xcassets */,
				6EEA62811E8A5855009F9594 /* LaunchScreen.storyboard */,
				6EEA62841E8A5855009F9594 /* Info.plist */,
			);
			path = FYF;
			sourceTree = "<group>";
		};
/* End PBXGroup section */

/* Begin PBXNativeTarget section */
		6EEA62741E8A5852009F9594 /* FYF */ = {
			isa = PBXNativeTarget;
			buildConfigurationList = 6EEA62871E8A5855009F9594 /* Build configuration list for PBXNativeTarget "FYF" */;
			buildPhases = (
				6EEA62711E8A5852009F9594 /* Sources */,
				6EEA62721E8A5852009F9594 /* Frameworks */,
				6EEA62731E8A5852009F9594 /* Resources */,
			);
			buildRules = (
			);
			dependencies = (
			);
			name = FYF;
			productName = FYF;
			productReference = 6EEA62751E8A5854009F9594 /* FYF.app */;
			productType = "com.apple.product-type.application";
		};
/* End PBXNativeTarget section */

/* Begin PBXProject section */
		6EEA626D1E8A5852009F9594 /* Project object */ = {
			isa = PBXProject;
			attributes = {
				LastSwiftUpdateCheck = 0800;
				LastUpgradeCheck = 0800;
				ORGANIZATIONNAME = "Savan Chhayani";
				TargetAttributes = {
					6EEA62741E8A5852009F9594 = {
						CreatedOnToolsVersion = 8.0;
						ProvisioningStyle = Automatic;
					};
				};
			};
			buildConfigurationList = 6EEA62701E8A5852009F9594 /* Build configuration list for PBXProject "FYF" */;
			compatibilityVersion = "Xcode 3.2";
			developmentRegion = English;
			hasScannedForEncodings = 0;
			knownRegions = (
				en,
				Base,
			);
			mainGroup = 6EEA626C1E8A5852009F9594;
			productRefGroup = 6EEA62761E8A5854009F9594 /* Products */;
			projectDirPath = "";
			projectRoot = "";
			targets = (
				6EEA62741E8A5852009F9594 /* FYF */,
			);
		};
/* End PBXProject section */

/* Begin PBXResourcesBuildPhase section */
		6EEA62731E8A5852009F9594 /* Resources */ = {
			isa = PBXResourcesBuildPhase;
			buildActionMask = 2147483647;
			files = (
				6EEA62831E8A5855009F9594 /* LaunchScreen.storyboard in Resources */,
				6EEA62801E8A5855009F9594 /* Assets.xcassets in Resources */,
				6EEA627E1E8A5854009F9594 /* Main.storyboard in Resources */,
			);
			runOnlyForDeploymentPostprocessing = 0;
		};
/* End PBXResourcesBuildPhase section */

/* Begin PBXSourcesBuildPhase section */
		6EEA62711E8A5852009F9594 /* Sources */ = {
			isa = PBXSourcesBuildPhase;
			buildActionMask = 2147483647;
			files = (
				6EEA627B1E8A5854009F9594 /* ViewController.swift in Sources */,
				6EEA62791E8A5854009F9594 /* AppDelegate.swift in Sources */,
			);
			runOnlyForDeploymentPostprocessing = 0;
		};
/* End PBXSourcesBuildPhase section */

/* Begin PBXVariantGroup section */
		6EEA627C1E8A5854009F9594 /* Main.storyboard */ = {
			isa = PBXVariantGroup;
			children = (
				6EEA627D1E8A5854009F9594 /* Base */,
			);
			name = Main.storyboard;
			sourceTree = "<group>";
		};
		6EEA62811E8A5855009F9594 /* LaunchScreen.storyboard */ = {
			isa = PBXVariantGroup;
			children = (
				6EEA62821E8A5855009F9594 /* Base */,
			);
			name = LaunchScreen.storyboard;
			sourceTree = "<group>";
		};
/* End PBXVariantGroup section */

/* Begin XCBuildConfiguration section */
		6EEA62851E8A5855009F9594 /* Debug */ = {
			isa = XCBuildConfiguration;
			buildSettings = {
				ALWAYS_SEARCH_USER_PATHS = NO;
				CLANG_ANALYZER_NONNULL = YES;
				CLANG_CXX_LANGUAGE_STANDARD = "gnu++0x";
				CLANG_CXX_LIBRARY = "libc++";
				CLANG_ENABLE_MODULES = YES;
				CLANG_ENABLE_OBJC_ARC = YES;
				CLANG_WARN_BOOL_CONVERSION = YES;
				CLANG_WARN_CONSTANT_CONVERSION = YES;
				CLANG_WARN_DIRECT_OBJC_ISA_USAGE = YES_ERROR;
				CLANG_WARN_DOCUMENTATION_COMMENTS = YES;
				CLANG_WARN_EMPTY_BODY = YES;
				CLANG_WARN_ENUM_CONVERSION = YES;
				CLANG_WARN_INFINITE_RECURSION = YES;
				CLANG_WARN_INT_CONVERSION = YES;
				CLANG_WARN_OBJC_ROOT_CLASS = YES_ERROR;
				CLANG_WARN_SUSPICIOUS_MOVES = YES;
				CLANG_WARN_UNREACHABLE_CODE = YES;
				CLANG_WARN__DUPLICATE_METHOD_MATCH = YES;
				"CODE_SIGN_IDENTITY[sdk=iphoneos*]" = "iPhone Developer";
				COPY_PHASE_STRIP = NO;
				DEBUG_INFORMATION_FORMAT = dwarf;
				ENABLE_STRICT_OBJC_MSGSEND = YES;
				ENABLE_TESTABILITY = YES;
				GCC_C_LANGUAGE_STANDARD = gnu99;
				GCC_DYNAMIC_NO_PIC = NO;
				GCC_NO_COMMON_BLOCKS = YES;
				GCC_OPTIMIZATION_LEVEL = 0;
				GCC_PREPROCESSOR_DEFINITIONS = (
					"DEBUG=1",
					"$(inherited)",
				);
				GCC_WARN_64_TO_32_BIT_CONVERSION = YES;
				GCC_WARN_ABOUT_RETURN_TYPE = YES_ERROR;
				GCC_WARN_UNDECLARED_SELECTOR = YES;
				GCC_WARN_UNINITIALIZED_AUTOS = YES_AGGRESSIVE;
				GCC_WARN_UNUSED_FUNCTION = YES;
				GCC_WARN_UNUSED_VARIABLE = YES;
				IPHONEOS_DEPLOYMENT_TARGET = 10.0;
				MTL_ENABLE_DEBUG_INFO = YES;
				ONLY_ACTIVE_ARCH = YES;
				SDKROOT = iphoneos;
				SWIFT_ACTIVE_COMPILATION_CONDITIONS = DEBUG;
				SWIFT_OPTIMIZATION_LEVEL = "-Onone";
			};
			name = Debug;
		};
		6EEA62861E8A5855009F9594 /* Release */ = {
			isa = XCBuildConfiguration;
			buildSettings = {
				ALWAYS_SEARCH_USER_PATHS = NO;
				CLANG_ANALYZER_NONNULL = YES;
				CLANG_CXX_LANGUAGE_STANDARD = "gnu++0x";
				CLANG_CXX_LIBRARY = "libc++";
				CLANG_ENABLE_MODULES = YES;
				CLANG_ENABLE_OBJC_ARC = YES;
				CLANG_WARN_BOOL_CONVERSION = YES;
				CLANG_WARN_CONSTANT_CONVERSION = YES;
				CLANG_WARN_DIRECT_OBJC_ISA_USAGE = YES_ERROR;
				CLANG_WARN_DOCUMENTATION_COMMENTS = YES;
				CLANG_WARN_EMPTY_BODY = YES;
				CLANG_WARN_ENUM_CONVERSION = YES;
				CLANG_WARN_INFINITE_RECURSION = YES;
				CLANG_WARN_INT_CONVERSION = YES;
				CLANG_WARN_OBJC_ROOT_CLASS = YES_ERROR;
				CLANG_WARN_SUSPICIOUS_MOVES = YES;
				CLANG_WARN_UNREACHABLE_CODE = YES;
				CLANG_WARN__DUPLICATE_METHOD_MATCH = YES;
				"CODE_SIGN_IDENTITY[sdk=iphoneos*]" = "iPhone Developer";
				COPY_PHASE_STRIP = NO;
				DEBUG_INFORMATION_FORMAT = "dwarf-with-dsym";
				ENABLE_NS_ASSERTIONS = NO;
				ENABLE_STRICT_OBJC_MSGSEND = YES;
				GCC_C_LANGUAGE_STANDARD = gnu99;
				GCC_NO_COMMON_BLOCKS = YES;
				GCC_WARN_64_TO_32_BIT_CONVERSION = YES;
				GCC_WARN_ABOUT_RETURN_TYPE = YES_ERROR;
				GCC_WARN_UNDECLARED_SELECTOR = YES;
				GCC_WARN_UNINITIALIZED_AUTOS = YES_AGGRESSIVE;
				GCC_WARN_UNUSED_FUNCTION = YES;
				GCC_WARN_UNUSED_VARIABLE = YES;
				IPHONEOS_DEPLOYMENT_TARGET = 10.0;
				MTL_ENABLE_DEBUG_INFO = NO;
				SDKROOT = iphoneos;
				SWIFT_OPTIMIZATION_LEVEL = "-Owholemodule";
				VALIDATE_PRODUCT = YES;
			};
			name = Release;
		};
		6EEA62881E8A5855009F9594 /* Debug */ = {
			isa = XCBuildConfiguration;
			buildSettings = {
				ASSETCATALOG_COMPILER_APPICON_NAME = AppIcon;
				INFOPLIST_FILE = FYF/Info.plist;
				LD_RUNPATH_SEARCH_PATHS = "$(inherited) @executable_path/Frameworks";
				PRODUCT_BUNDLE_IDENTIFIER = FYF.FYF;
				PRODUCT_NAME = "$(TARGET_NAME)";
				SWIFT_VERSION = 3.0;
			};
			name = Debug;
		};
		6EEA62891E8A5855009F9594 /* Release */ = {
			isa = XCBuildConfiguration;
			buildSettings = {
				ASSETCATALOG_COMPILER_APPICON_NAME = AppIcon;
				INFOPLIST_FILE = FYF/Info.plist;
				LD_RUNPATH_SEARCH_PATHS = "$(inherited) @executable_path/Frameworks";
				PRODUCT_BUNDLE_IDENTIFIER = FYF.FYF;
				PRODUCT_NAME = "$(TARGET_NAME)";
				SWIFT_VERSION = 3.0;
			};
			name = Release;
		};
/* End XCBuildConfiguration section */

/* Begin XCConfigurationList section */
		6EEA62701E8A5852009F9594 /* Build configuration list for PBXProject "FYF" */ = {
			isa = XCConfigurationList;
			buildConfigurations = (
				6EEA62851E8A5855009F9594 /* Debug */,
				6EEA62861E8A5855009F9594 /* Release */,
			);
			defaultConfigurationIsVisible = 0;
			defaultConfigurationName = Release;
		};
		6EEA62871E8A5855009F9594 /* Build configuration list for PBXNativeTarget "FYF" */ = {
			isa = XCConfigurationList;
			buildConfigurations = (
				6EEA62881E8A5855009F9594 /* Debug */,
				6EEA62891E8A5855009F9594 /* Release */,
			);
			defaultConfigurationIsVisible = 0;
		};
/* End XCConfigurationList section */
	};
	rootObject = 6EEA626D1E8A5852009F9594 /* Project object */;
}
